
Microsoft Visual Studio Solution File, Format Version 12.00
# Visual Studio Version 17
VisualStudioVersion = 17.4.33122.133
MinimumVisualStudioVersion = 10.0.40219.1
Project("{FAE04EC0-301F-11D3-BF4B-00C04F79EFBC}") = "STOCK", "STOCK\STOCK.csproj", "{0DB010FE-A70C-45C5-A7BA-87D473E4295D}"
EndProject
Global
	GlobalSection(SolutionConfigurationPlatforms) = preSolution
		Debug|Any CPU = Debug|Any CPU
		Release|Any CPU = Release|Any CPU
	EndGlobalSection
	GlobalSection(ProjectConfigurationPlatforms) = postSolution
		{0DB010FE-A70C-45C5-A7BA-87D473E4295D}.Debug|Any CPU.ActiveCfg = Debug|Any CPU
		{0DB010FE-A70C-45C5-A7BA-87D473E4295D}.Debug|Any CPU.Build.0 = Debug|Any CPU
		{0DB010FE-A70C-45C5-A7BA-87D473E4295D}.Release|Any CPU.ActiveCfg = Release|Any CPU
		{0DB010FE-A70C-45C5-A7BA-87D473E4295D}.Release|Any CPU.Build.0 = Release|Any CPU
	EndGlobalSection
	GlobalSection(SolutionProperties) = preSolution
		HideSolutionNode = FALSE
	EndGlobalSection
	GlobalSection(ExtensibilityGlobals) = postSolution
		SolutionGuid = {1120AE1B-51BC-4F27-9F8D-F22BBD065ADE}
	EndGlobalSection
EndGlobal
